
Microsoft Visual Studio Solution File, Format Version 12.00
# Visual Studio 14
VisualStudioVersion = 14.0.25420.1
MinimumVisualStudioVersion = 10.0.40219.1
Project("{FAE04EC0-301F-11D3-BF4B-00C04F79EFBC}") = "CardGame.DAL", "CardGame.DAL\CardGame.DAL.csproj", "{EB5DD192-E1A3-4351-A680-57034ADF3708}"
EndProject
Project("{FAE04EC0-301F-11D3-BF4B-00C04F79EFBC}") = "CardGame.Web", "CardGame.Web\CardGame.Web.csproj", "{4C647F82-C659-4772-A9AD-F5E2C1093677}"
EndProject
Project("{FAE04EC0-301F-11D3-BF4B-00C04F79EFBC}") = "CardGame.Log", "CardGame.Log\CardGame.Log.csproj", "{4C467B6A-C1CF-405C-A784-994C9911C030}"
EndProject
Project("{FAE04EC0-301F-11D3-BF4B-00C04F79EFBC}") = "Resources", "Resources\Resources.csproj", "{771B8BB9-FEDC-451E-8400-DF120245E51C}"
EndProject
Global
	GlobalSection(SolutionConfigurationPlatforms) = preSolution
		Debug|Any CPU = Debug|Any CPU
		Release|Any CPU = Release|Any CPU
	EndGlobalSection
	GlobalSection(ProjectConfigurationPlatforms) = postSolution
		{EB5DD192-E1A3-4351-A680-57034ADF3708}.Debug|Any CPU.ActiveCfg = Debug|Any CPU
		{EB5DD192-E1A3-4351-A680-57034ADF3708}.Debug|Any CPU.Build.0 = Debug|Any CPU
		{EB5DD192-E1A3-4351-A680-57034ADF3708}.Release|Any CPU.ActiveCfg = Release|Any CPU
		{EB5DD192-E1A3-4351-A680-57034ADF3708}.Release|Any CPU.Build.0 = Release|Any CPU
		{4C647F82-C659-4772-A9AD-F5E2C1093677}.Debug|Any CPU.ActiveCfg = Debug|Any CPU
		{4C647F82-C659-4772-A9AD-F5E2C1093677}.Debug|Any CPU.Build.0 = Debug|Any CPU
		{4C647F82-C659-4772-A9AD-F5E2C1093677}.Release|Any CPU.ActiveCfg = Release|Any CPU
		{4C647F82-C659-4772-A9AD-F5E2C1093677}.Release|Any CPU.Build.0 = Release|Any CPU
		{4C467B6A-C1CF-405C-A784-994C9911C030}.Debug|Any CPU.ActiveCfg = Debug|Any CPU
		{4C467B6A-C1CF-405C-A784-994C9911C030}.Debug|Any CPU.Build.0 = Debug|Any CPU
		{4C467B6A-C1CF-405C-A784-994C9911C030}.Release|Any CPU.ActiveCfg = Release|Any CPU
		{4C467B6A-C1CF-405C-A784-994C9911C030}.Release|Any CPU.Build.0 = Release|Any CPU
		{771B8BB9-FEDC-451E-8400-DF120245E51C}.Debug|Any CPU.ActiveCfg = Debug|Any CPU
		{771B8BB9-FEDC-451E-8400-DF120245E51C}.Debug|Any CPU.Build.0 = Debug|Any CPU
		{771B8BB9-FEDC-451E-8400-DF120245E51C}.Release|Any CPU.ActiveCfg = Release|Any CPU
		{771B8BB9-FEDC-451E-8400-DF120245E51C}.Release|Any CPU.Build.0 = Release|Any CPU
	EndGlobalSection
	GlobalSection(SolutionProperties) = preSolution
		HideSolutionNode = FALSE
	EndGlobalSection
EndGlobal
